
Microsoft Visual Studio Solution File, Format Version 12.00
# Visual Studio Version 17
VisualStudioVersion = 17.7.34221.43
MinimumVisualStudioVersion = 10.0.40219.1
Project("{FAE04EC0-301F-11D3-BF4B-00C04F79EFBC}") = "Jogo I AEP", "Jogo I AEP.csproj", "{458FAA55-2588-4E68-802C-FD31EB748A83}"
EndProject
Global
	GlobalSection(SolutionConfigurationPlatforms) = preSolution
		Debug|Any CPU = Debug|Any CPU
		Release|Any CPU = Release|Any CPU
	EndGlobalSection
	GlobalSection(ProjectConfigurationPlatforms) = postSolution
		{458FAA55-2588-4E68-802C-FD31EB748A83}.Debug|Any CPU.ActiveCfg = Debug|Any CPU
		{458FAA55-2588-4E68-802C-FD31EB748A83}.Debug|Any CPU.Build.0 = Debug|Any CPU
		{458FAA55-2588-4E68-802C-FD31EB748A83}.Release|Any CPU.ActiveCfg = Release|Any CPU
		{458FAA55-2588-4E68-802C-FD31EB748A83}.Release|Any CPU.Build.0 = Release|Any CPU
	EndGlobalSection
	GlobalSection(SolutionProperties) = preSolution
		HideSolutionNode = FALSE
	EndGlobalSection
	GlobalSection(ExtensibilityGlobals) = postSolution
		SolutionGuid = {0CB66605-EE2E-4784-B7AC-6D5D197A8D23}
	EndGlobalSection
EndGlobal
